{
  "name": "package-npm-install",
  "version": "1.0.0",
  "lockfileVersion": 2,
  "requires": true,
  "packages": {
    "": {
      "name": "package-npm-install",
      "version": "1.0.0",
      "license": "ISC",
      "dependencies": {
        "matematica": "file:../Package"
      }
    },
    "../Package": {
      "version": "1.0.0",
      "license": "ISC"
    },
    "node_modules/matematica": {
      "resolved": "../Package",
      "link": true
    }
  },
  "dependencies": {
    "matematica": {
      "version": "file:../Package"
    }
  }
}
